{
  "name": "bank",
  "lockfileVersion": 3,
  "requires": true,
  "packages": {
    "": {
      "devDependencies": {
        "gulp-rigger": "^0.5.8"
      }
    },
    "node_modules/async": {
      "version": "0.2.10",
      "resolved": "https://registry.npmjs.org/async/-/async-0.2.10.tgz",
      "integrity": "sha512-eAkdoKxU6/LkKDBzLpT+t6Ff5EtfSF4wx1WfJiPEEV7WNLnDaRXk0oVysiEPm262roaachGexwUv94WhSgN5TQ==",
      "dev": true
    },
    "node_modules/buildjs.core": {
      "version": "0.1.2",
      "resolved": "https://registry.npmjs.org/buildjs.core/-/buildjs.core-0.1.2.tgz",
      "integrity": "sha512-NvKj2nT0mMdfmg64NLyCR5+lB+xeRhacRCmyy+ugFdK822H9R9CLjacpXUahMla9RrwvMXs2nv4CM7lC7lm0yg==",
      "dev": true,
      "license": "MIT"
    },
    "node_modules/debug": {
      "version": "4.3.7",
      "resolved": "https://registry.npmjs.org/debug/-/debug-4.3.7.tgz",
      "integrity": "sha512-Er2nc/H7RrMXZBFCEim6TCmMk02Z8vLC2Rbi1KEBggpo0fS6l0S1nnapwmIi3yW/+GOJap1Krg4w0Hg80oCqgQ==",
      "dev": true,
      "license": "MIT",
      "dependencies": {
        "ms": "^2.1.3"
      },
      "engines": {
        "node": ">=6.0"
      },
      "peerDependenciesMeta": {
        "supports-color": {
          "optional": true
        }
      }
    },
    "node_modules/duplexer": {
      "version": "0.1.2",
      "resolved": "https://registry.npmjs.org/duplexer/-/duplexer-0.1.2.tgz",
      "integrity": "sha512-jtD6YG370ZCIi/9GTaJKQxWTZD045+4R4hTk/x1UyoqadyJ9x9CgSi1RlVDQF8U2sxLLSnFkCaMihqljHIWgMg==",
      "dev": true,
      "license": "MIT"
    },
    "node_modules/event-stream": {
      "version": "3.1.7",
      "resolved": "https://registry.npmjs.org/event-stream/-/event-stream-3.1.7.tgz",
      "integrity": "sha512-ddACn1VEffD+nvbofs8gs/0qJZC9gtEGLG+WykE//rinSpYLSaTsnN96eVQV+gHdUhV/nVtxUNKC3OjrApuEMw==",
      "dev": true,
      "dependencies": {
        "duplexer": "~0.1.1",
        "from": "~0",
        "map-stream": "~0.1.0",
        "pause-stream": "0.0.11",
        "split": "0.2",
        "stream-combiner": "~0.0.4",
        "through": "~2.3.1"
      }
    },
    "node_modules/from": {
      "version": "0.1.7",
      "resolved": "https://registry.npmjs.org/from/-/from-0.1.7.tgz",
      "integrity": "sha512-twe20eF1OxVxp/ML/kq2p1uc6KvFK/+vs8WjEbeKmV2He22MKm7YF2ANIt+EOqhJ5L3K/SuuPhk0hWQDjOM23g==",
      "dev": true,
      "license": "MIT"
    },
    "node_modules/getit": {
      "version": "0.4.2",
      "resolved": "https://registry.npmjs.org/getit/-/getit-0.4.2.tgz",
      "integrity": "sha512-9w1BoV0BgrjMzbqNzRxHC20K6/N+pQHm6uC7pH5ZNoo/qzUbPaBFIrj0drM3ywnibyEA8APczpnmgblnGBWLPg==",
      "dev": true,
      "license": "MIT",
      "dependencies": {
        "debug": "*",
        "hyperquest": "~0.3",
        "mkdirp": "~0.5",
        "urlish": "~0.1"
      }
    },
    "node_modules/gulp-rigger": {
      "version": "0.5.8",
      "resolved": "https://registry.npmjs.org/gulp-rigger/-/gulp-rigger-0.5.8.tgz",
      "integrity": "sha512-586kqoEeloc9thZ1mwrT9dRraZYZKNREKS+6s0RG86ndvOfKGpTI8Js6TRryc5O6OwN1/00L87S3XAW5SlyFFg==",
      "dev": true,
      "license": "MIT",
      "dependencies": {
        "event-stream": "~3.1.0",
        "rigger": "~0.5.7"
      }
    },
    "node_modules/hyperquest": {
      "version": "0.3.0",
      "resolved": "https://registry.npmjs.org/hyperquest/-/hyperquest-0.3.0.tgz",
      "integrity": "sha512-62fvFWmgg3z34+BTjXf5NArxWNpLEUSKztmxmXjEdlt/oe7C5S4+6ubcYdPOJB6rclKLZtsWUjFVbUh3iAkTjQ==",
      "dev": true,
      "license": "MIT",
      "dependencies": {
        "duplexer": "~0.1.0",
        "through": "~2.2.0"
      }
    },
    "node_modules/hyperquest/node_modules/through": {
      "version": "2.2.7",
      "resolved": "https://registry.npmjs.org/through/-/through-2.2.7.tgz",
      "integrity": "sha512-JIR0m0ybkmTcR8URann+HbwKmodP+OE8UCbsifQDYMLD5J3em1Cdn3MYPpbEd5elGDwmP98T+WbqP/tvzA5Mjg==",
      "dev": true,
      "license": "MIT"
    },
    "node_modules/map-stream": {
      "version": "0.1.0",
      "resolved": "https://registry.npmjs.org/map-stream/-/map-stream-0.1.0.tgz",
      "integrity": "sha512-CkYQrPYZfWnu/DAmVCpTSX/xHpKZ80eKh2lAkyA6AJTef6bW+6JpbQZN5rofum7da+SyN1bi5ctTm+lTfcCW3g==",
      "dev": true
    },
    "node_modules/minimist": {
      "version": "1.2.8",
      "resolved": "https://registry.npmjs.org/minimist/-/minimist-1.2.8.tgz",
      "integrity": "sha512-2yyAR8qBkN3YuheJanUpWC5U3bb5osDywNB8RzDVlDwDHbocAJveqqj1u8+SVD7jkWT4yvsHCpWqqWqAxb0zCA==",
      "dev": true,
      "license": "MIT",
      "funding": {
        "url": "https://github.com/sponsors/ljharb"
      }
    },
    "node_modules/mkdirp": {
      "version": "0.5.6",
      "resolved": "https://registry.npmjs.org/mkdirp/-/mkdirp-0.5.6.tgz",
      "integrity": "sha512-FP+p8RB8OWpF3YZBCrP5gtADmtXApB5AMLn+vdyA+PyxCjrCs00mjyUozssO33cwDeT3wNGdLxJ5M//YqtHAJw==",
      "dev": true,
      "license": "MIT",
      "dependencies": {
        "minimist": "^1.2.6"
      },
      "bin": {
        "mkdirp": "bin/cmd.js"
      }
    },
    "node_modules/ms": {
      "version": "2.1.3",
      "resolved": "https://registry.npmjs.org/ms/-/ms-2.1.3.tgz",
      "integrity": "sha512-6FlzubTLZG3J2a/NVCAleEhjzq5oxgHyaCU9yYXvcLsvoVaHJq/s5xXI6/XXP6tz7R9xAOtHnSO/tXtF3WRTlA==",
      "dev": true,
      "license": "MIT"
    },
    "node_modules/pause-stream": {
      "version": "0.0.11",
      "resolved": "https://registry.npmjs.org/pause-stream/-/pause-stream-0.0.11.tgz",
      "integrity": "sha512-e3FBlXLmN/D1S+zHzanP4E/4Z60oFAa3O051qt1pxa7DEJWKAyil6upYVXCWadEnuoqa4Pkc9oUx9zsxYeRv8A==",
      "dev": true,
      "license": [
        "MIT",
        "Apache2"
      ],
      "dependencies": {
        "through": "~2.3"
      }
    },
    "node_modules/rigger": {
      "version": "0.5.10",
      "resolved": "https://registry.npmjs.org/rigger/-/rigger-0.5.10.tgz",
      "integrity": "sha512-FWuglDEOXt5cfzi+3+6fW0Vlx3QrOUO8zorDZ0s8aVeMEpHvREe8+a90l0EtijMPWMTbW1bF6tJ8SikLqgji+w==",
      "dev": true,
      "license": "MIT",
      "dependencies": {
        "async": "~0.2",
        "buildjs.core": "~0.1",
        "debug": "*",
        "getit": "~0.4.0",
        "underscore": "~1.6.0"
      },
      "bin": {
        "rig": "bin/rig"
      }
    },
    "node_modules/split": {
      "version": "0.2.10",
      "resolved": "https://registry.npmjs.org/split/-/split-0.2.10.tgz",
      "integrity": "sha512-e0pKq+UUH2Xq/sXbYpZBZc3BawsfDZ7dgv+JtRTUPNcvF5CMR4Y9cvJqkMY0MoxWzTHvZuz1beg6pNEKlszPiQ==",
      "dev": true,
      "dependencies": {
        "through": "2"
      },
      "engines": {
        "node": "*"
      }
    },
    "node_modules/stream-combiner": {
      "version": "0.0.4",
      "resolved": "https://registry.npmjs.org/stream-combiner/-/stream-combiner-0.0.4.tgz",
      "integrity": "sha512-rT00SPnTVyRsaSz5zgSPma/aHSOic5U1prhYdRy5HS2kTZviFpmDgzilbtsJsxiroqACmayynDN/9VzIbX5DOw==",
      "dev": true,
      "license": "MIT",
      "dependencies": {
        "duplexer": "~0.1.1"
      }
    },
    "node_modules/through": {
      "version": "2.3.8",
      "resolved": "https://registry.npmjs.org/through/-/through-2.3.8.tgz",
      "integrity": "sha512-w89qg7PI8wAdvX60bMDP+bFoD5Dvhm9oLheFp5O4a2QF0cSBGsBX4qZmadPMvVqlLJBBci+WqGGOAPvcDeNSVg==",
      "dev": true,
      "license": "MIT"
    },
    "node_modules/underscore": {
      "version": "1.6.0",
      "resolved": "https://registry.npmjs.org/underscore/-/underscore-1.6.0.tgz",
      "integrity": "sha512-z4o1fvKUojIWh9XuaVLUDdf86RQiq13AC1dmHbTpoyuu+bquHms76v16CjycCbec87J7z0k//SiQVk0sMdFmpQ==",
      "dev": true
    },
    "node_modules/urlish": {
      "version": "0.1.0",
      "resolved": "https://registry.npmjs.org/urlish/-/urlish-0.1.0.tgz",
      "integrity": "sha512-ocgp9idthDCFCOxsprfMU4IcdSIGvgU1BFdqw4nJAPEhZMQH6Uyybv1mSS2NK+76YETHzlg0jNb4EOPPugLckg==",
      "dev": true,
      "license": "MIT"
    }
  }
}
